# THIS IS AN AUTOGENERATED FILE. DO NOT EDIT THIS FILE DIRECTLY.
# yarn lockfile v1


"@discordjs/collection@^0.1.6":
  version "0.1.6"
  resolved "https://registry.npmjs.org/@discordjs/collection/-/collection-0.1.6.tgz"

"@discordjs/form-data@^3.0.1":
  version "3.0.1"
  resolved "https://registry.npmjs.org/@discordjs/form-data/-/form-data-3.0.1.tgz"
  dependencies:
    asynckit "^0.4.0"
    combined-stream "^1.0.8"
    mime-types "^2.1.12"

abort-controller@^3.0.0:
  version "3.0.0"
  resolved "https://registry.npmjs.org/abort-controller/-/abort-controller-3.0.0.tgz"
  dependencies:
    event-target-shim "^5.0.0"

ajv@^6.12.6:
  version "6.12.6"
  resolved "https://registry.npmjs.org/ajv/-/ajv-6.12.6.tgz"
  dependencies:
    fast-deep-equal "^3.1.1"
    fast-json-stable-stringify "^2.0.0"
    json-schema-traverse "^0.4.1"
    uri-js "^4.2.2"

arr-diff@^4.0.0:
  version "4.0.0"
  resolved "https://registry.yarnpkg.com/arr-diff/-/arr-diff-4.0.0.tgz"

arr-flatten@^1.1.0:
  version "1.1.0"
  resolved "https://registry.yarnpkg.com/arr-flatten/-/arr-flatten-1.1.0.tgz"

arr-union@^3.1.0:
  version "3.1.0"
  resolved "https://registry.yarnpkg.com/arr-union/-/arr-union-3.1.0.tgz"

array-each@^1.0.1:
  version "1.0.1"
  resolved "https://registry.npmjs.org/array-each/-/array-each-1.0.1.tgz"

array-slice@^1.0.0:
  version "1.1.0"
  resolved "https://registry.npmjs.org/array-slice/-/array-slice-1.1.0.tgz"

array-unique@^0.3.2:
  version "0.3.2"
  resolved "https://registry.yarnpkg.com/array-unique/-/array-unique-0.3.2.tgz"

assign-symbols@^1.0.0:
  version "1.0.0"
  resolved "https://registry.yarnpkg.com/assign-symbols/-/assign-symbols-1.0.0.tgz"

asynckit@^0.4.0:
  version "0.4.0"
  resolved "https://registry.yarnpkg.com/asynckit/-/asynckit-0.4.0.tgz"

atob@^2.1.2:
  version "2.1.2"
  resolved "https://registry.yarnpkg.com/atob/-/atob-2.1.2.tgz#6d9517eb9e030d2436666651e86bd9f6f13533c9"

axios@^0.21.1:
  version "0.21.1"
  resolved "https://registry.npmjs.org/axios/-/axios-0.21.1.tgz"
  dependencies:
    follow-redirects "^1.10.0"

base@^0.11.1:
  version "0.11.2"
  resolved "https://registry.yarnpkg.com/base/-/base-0.11.2.tgz"
  dependencies:
    cache-base "^1.0.1"
    class-utils "^0.3.5"
    component-emitter "^1.2.1"
    define-property "^1.0.0"
    isobject "^3.0.1"
    mixin-deep "^1.2.0"
    pascalcase "^0.1.1"

bignumber.js@9.0.0:
  version "9.0.0"
  resolved "https://registry.npmjs.org/bignumber.js/-/bignumber.js-9.0.0.tgz"

braces@^2.3.1:
  version "2.3.2"
  resolved "https://registry.yarnpkg.com/braces/-/braces-2.3.2.tgz"
  dependencies:
    arr-flatten "^1.1.0"
    array-unique "^0.3.2"
    extend-shallow "^2.0.1"
    fill-range "^4.0.0"
    isobject "^3.0.1"
    repeat-element "^1.1.2"
    snapdragon "^0.8.1"
    snapdragon-node "^2.0.1"
    split-string "^3.0.2"
    to-regex "^3.0.1"

cache-base@^1.0.1:
  version "1.0.1"
  resolved "https://registry.yarnpkg.com/cache-base/-/cache-base-1.0.1.tgz"
  dependencies:
    collection-visit "^1.0.0"
    component-emitter "^1.2.1"
    get-value "^2.0.6"
    has-value "^1.0.0"
    isobject "^3.0.1"
    set-value "^2.0.0"
    to-object-path "^0.3.0"
    union-value "^1.0.0"
    unset-value "^1.0.0"

class-utils@^0.3.5:
  version "0.3.6"
  resolved "https://registry.yarnpkg.com/class-utils/-/class-utils-0.3.6.tgz"
  dependencies:
    arr-union "^3.1.0"
    define-property "^0.2.5"
    isobject "^3.0.0"
    static-extend "^0.1.1"

collection-visit@^1.0.0:
  version "1.0.0"
  resolved "https://registry.yarnpkg.com/collection-visit/-/collection-visit-1.0.0.tgz"
  dependencies:
    map-visit "^1.0.0"
    object-visit "^1.0.0"

colorette@1.2.1:
  version "1.2.1"
  resolved "https://registry.npmjs.org/colorette/-/colorette-1.2.1.tgz"

combined-stream@^1.0.8:
  version "1.0.8"
  resolved "https://registry.npmjs.org/combined-stream/-/combined-stream-1.0.8.tgz"
  dependencies:
    delayed-stream "~1.0.0"

commander@^6.2.0:
  version "6.2.1"
  resolved "https://registry.npmjs.org/commander/-/commander-6.2.1.tgz"

component-emitter@^1.2.1:
  version "1.2.1"
  resolved "https://registry.yarnpkg.com/component-emitter/-/component-emitter-1.2.1.tgz"

copy-descriptor@^0.1.0:
  version "0.1.1"
  resolved "https://registry.yarnpkg.com/copy-descriptor/-/copy-descriptor-0.1.1.tgz"

core-util-is@~1.0.0:
  version "1.0.2"
  resolved "https://registry.yarnpkg.com/core-util-is/-/core-util-is-1.0.2.tgz"

cross-env@^7.0.3:
  version "7.0.3"
  resolved "https://registry.npmjs.org/cross-env/-/cross-env-7.0.3.tgz"
  dependencies:
    cross-spawn "^7.0.1"

cross-spawn@^7.0.1:
  version "7.0.3"
  resolved "https://registry.npmjs.org/cross-spawn/-/cross-spawn-7.0.3.tgz"
  dependencies:
    path-key "^3.1.0"
    shebang-command "^2.0.0"
    which "^2.0.1"

db-errors@^0.2.3:
  version "0.2.3"
  resolved "https://registry.npmjs.org/db-errors/-/db-errors-0.2.3.tgz"

debug@4.3.1:
  version "4.3.1"
  resolved "https://registry.npmjs.org/debug/-/debug-4.3.1.tgz"
  dependencies:
    ms "2.1.2"

debug@^2.2.0, debug@^2.3.3:
  version "2.6.9"
  resolved "https://registry.yarnpkg.com/debug/-/debug-2.6.9.tgz"
  dependencies:
    ms "2.0.0"

decode-uri-component@^0.2.0:
  version "0.2.0"
  resolved "https://registry.yarnpkg.com/decode-uri-component/-/decode-uri-component-0.2.0.tgz"

define-property@^0.2.5:
  version "0.2.5"
  resolved "https://registry.yarnpkg.com/define-property/-/define-property-0.2.5.tgz"
  dependencies:
    is-descriptor "^0.1.0"

define-property@^1.0.0:
  version "1.0.0"
  resolved "https://registry.yarnpkg.com/define-property/-/define-property-1.0.0.tgz"
  dependencies:
    is-descriptor "^1.0.0"

define-property@^2.0.2:
  version "2.0.2"
  resolved "https://registry.yarnpkg.com/define-property/-/define-property-2.0.2.tgz"
  dependencies:
    is-descriptor "^1.0.2"
    isobject "^3.0.1"

delayed-stream@~1.0.0:
  version "1.0.0"
  resolved "https://registry.yarnpkg.com/delayed-stream/-/delayed-stream-1.0.0.tgz"

detect-file@^1.0.0:
  version "1.0.0"
  resolved "https://registry.npmjs.org/detect-file/-/detect-file-1.0.0.tgz"

discord.js@^12.5.1:
  version "12.5.1"
  resolved "https://registry.npmjs.org/discord.js/-/discord.js-12.5.1.tgz"
  dependencies:
    "@discordjs/collection" "^0.1.6"
    "@discordjs/form-data" "^3.0.1"
    abort-controller "^3.0.0"
    node-fetch "^2.6.1"
    prism-media "^1.2.2"
    setimmediate "^1.0.5"
    tweetnacl "^1.0.3"
    ws "^7.3.1"

dotenv@^8.2.0:
  version "8.2.0"
  resolved "https://registry.npmjs.org/dotenv/-/dotenv-8.2.0.tgz"

esm@^3.2.25:
  version "3.2.25"
  resolved "https://registry.npmjs.org/esm/-/esm-3.2.25.tgz"

event-target-shim@^5.0.0:
  version "5.0.1"
  resolved "https://registry.npmjs.org/event-target-shim/-/event-target-shim-5.0.1.tgz"

expand-brackets@^2.1.4:
  version "2.1.4"
  resolved "https://registry.yarnpkg.com/expand-brackets/-/expand-brackets-2.1.4.tgz"
  dependencies:
    debug "^2.3.3"
    define-property "^0.2.5"
    extend-shallow "^2.0.1"
    posix-character-classes "^0.1.0"
    regex-not "^1.0.0"
    snapdragon "^0.8.1"
    to-regex "^3.0.1"

expand-tilde@^2.0.0, expand-tilde@^2.0.2:
  version "2.0.2"
  resolved "https://registry.npmjs.org/expand-tilde/-/expand-tilde-2.0.2.tgz"
  dependencies:
    homedir-polyfill "^1.0.1"

extend-shallow@^2.0.1:
  version "2.0.1"
  resolved "https://registry.yarnpkg.com/extend-shallow/-/extend-shallow-2.0.1.tgz"
  dependencies:
    is-extendable "^0.1.0"

extend-shallow@^3.0.0, extend-shallow@^3.0.2:
  version "3.0.2"
  resolved "https://registry.yarnpkg.com/extend-shallow/-/extend-shallow-3.0.2.tgz"
  dependencies:
    assign-symbols "^1.0.0"
    is-extendable "^1.0.1"

extend@^3.0.0:
  version "3.0.2"
  resolved "https://registry.yarnpkg.com/extend/-/extend-3.0.2.tgz"

extglob@^2.0.4:
  version "2.0.4"
  resolved "https://registry.yarnpkg.com/extglob/-/extglob-2.0.4.tgz"
  dependencies:
    array-unique "^0.3.2"
    define-property "^1.0.0"
    expand-brackets "^2.1.4"
    extend-shallow "^2.0.1"
    fragment-cache "^0.2.1"
    regex-not "^1.0.0"
    snapdragon "^0.8.1"
    to-regex "^3.0.1"

fast-deep-equal@^3.1.1:
  version "3.1.3"
  resolved "https://registry.npmjs.org/fast-deep-equal/-/fast-deep-equal-3.1.3.tgz"

fast-json-stable-stringify@^2.0.0:
  version "2.0.0"
  resolved "https://registry.yarnpkg.com/fast-json-stable-stringify/-/fast-json-stable-stringify-2.0.0.tgz"

fill-range@^4.0.0:
  version "4.0.0"
  resolved "https://registry.yarnpkg.com/fill-range/-/fill-range-4.0.0.tgz"
  dependencies:
    extend-shallow "^2.0.1"
    is-number "^3.0.0"
    repeat-string "^1.6.1"
    to-regex-range "^2.1.0"

findup-sync@^3.0.0:
  version "3.0.0"
  resolved "https://registry.npmjs.org/findup-sync/-/findup-sync-3.0.0.tgz"
  dependencies:
    detect-file "^1.0.0"
    is-glob "^4.0.0"
    micromatch "^3.0.4"
    resolve-dir "^1.0.1"

fined@^1.0.1:
  version "1.2.0"
  resolved "https://registry.npmjs.org/fined/-/fined-1.2.0.tgz"
  dependencies:
    expand-tilde "^2.0.2"
    is-plain-object "^2.0.3"
    object.defaults "^1.1.0"
    object.pick "^1.2.0"
    parse-filepath "^1.0.1"

flagged-respawn@^1.0.0:
  version "1.0.1"
  resolved "https://registry.npmjs.org/flagged-respawn/-/flagged-respawn-1.0.1.tgz"

follow-redirects@^1.10.0:
  version "1.13.2"
  resolved "https://registry.npmjs.org/follow-redirects/-/follow-redirects-1.13.2.tgz"

for-in@^1.0.1, for-in@^1.0.2:
  version "1.0.2"
  resolved "https://registry.yarnpkg.com/for-in/-/for-in-1.0.2.tgz"

for-own@^1.0.0:
  version "1.0.0"
  resolved "https://registry.npmjs.org/for-own/-/for-own-1.0.0.tgz"
  dependencies:
    for-in "^1.0.1"

fragment-cache@^0.2.1:
  version "0.2.1"
  resolved "https://registry.yarnpkg.com/fragment-cache/-/fragment-cache-0.2.1.tgz"
  dependencies:
    map-cache "^0.2.2"

function-bind@^1.1.1:
  version "1.1.1"
  resolved "https://registry.npmjs.org/function-bind/-/function-bind-1.1.1.tgz"

get-value@^2.0.3, get-value@^2.0.6:
  version "2.0.6"
  resolved "https://registry.yarnpkg.com/get-value/-/get-value-2.0.6.tgz"

getopts@2.2.5:
  version "2.2.5"
  resolved "https://registry.npmjs.org/getopts/-/getopts-2.2.5.tgz"

global-modules@^1.0.0:
  version "1.0.0"
  resolved "https://registry.npmjs.org/global-modules/-/global-modules-1.0.0.tgz"
  dependencies:
    global-prefix "^1.0.1"
    is-windows "^1.0.1"
    resolve-dir "^1.0.0"

global-prefix@^1.0.1:
  version "1.0.2"
  resolved "https://registry.npmjs.org/global-prefix/-/global-prefix-1.0.2.tgz"
  dependencies:
    expand-tilde "^2.0.2"
    homedir-polyfill "^1.0.1"
    ini "^1.3.4"
    is-windows "^1.0.1"
    which "^1.2.14"

has-value@^0.3.1:
  version "0.3.1"
  resolved "https://registry.yarnpkg.com/has-value/-/has-value-0.3.1.tgz"
  dependencies:
    get-value "^2.0.3"
    has-values "^0.1.4"
    isobject "^2.0.0"

has-value@^1.0.0:
  version "1.0.0"
  resolved "https://registry.yarnpkg.com/has-value/-/has-value-1.0.0.tgz"
  dependencies:
    get-value "^2.0.6"
    has-values "^1.0.0"
    isobject "^3.0.0"

has-values@^0.1.4:
  version "0.1.4"
  resolved "https://registry.yarnpkg.com/has-values/-/has-values-0.1.4.tgz"

has-values@^1.0.0:
  version "1.0.0"
  resolved "https://registry.yarnpkg.com/has-values/-/has-values-1.0.0.tgz"
  dependencies:
    is-number "^3.0.0"
    kind-of "^4.0.0"

has@^1.0.3:
  version "1.0.3"
  resolved "https://registry.npmjs.org/has/-/has-1.0.3.tgz"
  dependencies:
    function-bind "^1.1.1"

homedir-polyfill@^1.0.1:
  version "1.0.3"
  resolved "https://registry.npmjs.org/homedir-polyfill/-/homedir-polyfill-1.0.3.tgz"
  dependencies:
    parse-passwd "^1.0.0"

inherits@~2.0.3:
  version "2.0.3"
  resolved "https://registry.yarnpkg.com/inherits/-/inherits-2.0.3.tgz"

ini@^1.3.4:
  version "1.3.8"
  resolved "https://registry.npmjs.org/ini/-/ini-1.3.8.tgz"

interpret@^2.2.0:
  version "2.2.0"
  resolved "https://registry.npmjs.org/interpret/-/interpret-2.2.0.tgz"

is-absolute@^1.0.0:
  version "1.0.0"
  resolved "https://registry.npmjs.org/is-absolute/-/is-absolute-1.0.0.tgz"
  dependencies:
    is-relative "^1.0.0"
    is-windows "^1.0.1"

is-accessor-descriptor@^0.1.6:
  version "0.1.6"
  resolved "https://registry.yarnpkg.com/is-accessor-descriptor/-/is-accessor-descriptor-0.1.6.tgz"
  dependencies:
    kind-of "^3.0.2"

is-accessor-descriptor@^1.0.0:
  version "1.0.0"
  resolved "https://registry.yarnpkg.com/is-accessor-descriptor/-/is-accessor-descriptor-1.0.0.tgz"
  dependencies:
    kind-of "^6.0.0"

is-buffer@^1.1.5:
  version "1.1.6"
  resolved "https://registry.yarnpkg.com/is-buffer/-/is-buffer-1.1.6.tgz"

is-core-module@^2.1.0:
  version "2.2.0"
  resolved "https://registry.npmjs.org/is-core-module/-/is-core-module-2.2.0.tgz"
  dependencies:
    has "^1.0.3"

is-data-descriptor@^0.1.4:
  version "0.1.4"
  resolved "https://registry.yarnpkg.com/is-data-descriptor/-/is-data-descriptor-0.1.4.tgz"
  dependencies:
    kind-of "^3.0.2"

is-data-descriptor@^1.0.0:
  version "1.0.0"
  resolved "https://registry.yarnpkg.com/is-data-descriptor/-/is-data-descriptor-1.0.0.tgz"
  dependencies:
    kind-of "^6.0.0"

is-descriptor@^0.1.0:
  version "0.1.6"
  resolved "https://registry.yarnpkg.com/is-descriptor/-/is-descriptor-0.1.6.tgz"
  dependencies:
    is-accessor-descriptor "^0.1.6"
    is-data-descriptor "^0.1.4"
    kind-of "^5.0.0"

is-descriptor@^1.0.0, is-descriptor@^1.0.2:
  version "1.0.2"
  resolved "https://registry.yarnpkg.com/is-descriptor/-/is-descriptor-1.0.2.tgz"
  dependencies:
    is-accessor-descriptor "^1.0.0"
    is-data-descriptor "^1.0.0"
    kind-of "^6.0.2"

is-extendable@^0.1.0, is-extendable@^0.1.1:
  version "0.1.1"
  resolved "https://registry.yarnpkg.com/is-extendable/-/is-extendable-0.1.1.tgz"

is-extendable@^1.0.1:
  version "1.0.1"
  resolved "https://registry.yarnpkg.com/is-extendable/-/is-extendable-1.0.1.tgz"
  dependencies:
    is-plain-object "^2.0.4"

is-extglob@^2.1.1:
  version "2.1.1"
  resolved "https://registry.yarnpkg.com/is-extglob/-/is-extglob-2.1.1.tgz"

is-glob@^4.0.0:
  version "4.0.1"
  resolved "https://registry.npmjs.org/is-glob/-/is-glob-4.0.1.tgz"
  dependencies:
    is-extglob "^2.1.1"

is-number@^3.0.0:
  version "3.0.0"
  resolved "https://registry.yarnpkg.com/is-number/-/is-number-3.0.0.tgz"
  dependencies:
    kind-of "^3.0.2"

is-plain-object@^2.0.3, is-plain-object@^2.0.4:
  version "2.0.4"
  resolved "https://registry.yarnpkg.com/is-plain-object/-/is-plain-object-2.0.4.tgz"
  dependencies:
    isobject "^3.0.1"

is-relative@^1.0.0:
  version "1.0.0"
  resolved "https://registry.npmjs.org/is-relative/-/is-relative-1.0.0.tgz"
  dependencies:
    is-unc-path "^1.0.0"

is-unc-path@^1.0.0:
  version "1.0.0"
  resolved "https://registry.npmjs.org/is-unc-path/-/is-unc-path-1.0.0.tgz"
  dependencies:
    unc-path-regex "^0.1.2"

is-windows@^1.0.1, is-windows@^1.0.2:
  version "1.0.2"
  resolved "https://registry.yarnpkg.com/is-windows/-/is-windows-1.0.2.tgz"

isarray@1.0.0, isarray@~1.0.0:
  version "1.0.0"
  resolved "https://registry.yarnpkg.com/isarray/-/isarray-1.0.0.tgz"

isexe@^2.0.0:
  version "2.0.0"
  resolved "https://registry.yarnpkg.com/isexe/-/isexe-2.0.0.tgz"

isobject@^2.0.0:
  version "2.1.0"
  resolved "https://registry.yarnpkg.com/isobject/-/isobject-2.1.0.tgz"
  dependencies:
    isarray "1.0.0"

isobject@^3.0.0, isobject@^3.0.1:
  version "3.0.1"
  resolved "https://registry.yarnpkg.com/isobject/-/isobject-3.0.1.tgz"

json-schema-traverse@^0.4.1:
  version "0.4.1"
  resolved "https://registry.yarnpkg.com/json-schema-traverse/-/json-schema-traverse-0.4.1.tgz"

kind-of@^3.0.2, kind-of@^3.0.3, kind-of@^3.2.0:
  version "3.2.2"
  resolved "https://registry.yarnpkg.com/kind-of/-/kind-of-3.2.2.tgz"
  dependencies:
    is-buffer "^1.1.5"

kind-of@^4.0.0:
  version "4.0.0"
  resolved "https://registry.yarnpkg.com/kind-of/-/kind-of-4.0.0.tgz"
  dependencies:
    is-buffer "^1.1.5"

kind-of@^5.0.0:
  version "5.1.0"
  resolved "https://registry.yarnpkg.com/kind-of/-/kind-of-5.1.0.tgz"

kind-of@^6.0.0, kind-of@^6.0.2:
  version "6.0.3"
  resolved "https://registry.npmjs.org/kind-of/-/kind-of-6.0.3.tgz"

knex@^0.21.17:
  version "0.21.17"
  resolved "https://registry.npmjs.org/knex/-/knex-0.21.17.tgz"
  dependencies:
    colorette "1.2.1"
    commander "^6.2.0"
    debug "4.3.1"
    esm "^3.2.25"
    getopts "2.2.5"
    interpret "^2.2.0"
    liftoff "3.1.0"
    lodash "^4.17.20"
    pg-connection-string "2.4.0"
    tarn "^3.0.1"
    tildify "2.0.0"
    v8flags "^3.2.0"

liftoff@3.1.0:
  version "3.1.0"
  resolved "https://registry.npmjs.org/liftoff/-/liftoff-3.1.0.tgz"
  dependencies:
    extend "^3.0.0"
    findup-sync "^3.0.0"
    fined "^1.0.1"
    flagged-respawn "^1.0.0"
    is-plain-object "^2.0.4"
    object.map "^1.0.0"
    rechoir "^0.6.2"
    resolve "^1.1.7"

lodash@^4.17.20:
  version "4.17.21"
  resolved "https://registry.yarnpkg.com/lodash/-/lodash-4.17.21.tgz#679591c564c3bffaae8454cf0b3df370c3d6911c"

luxon@^1.25.0:
  version "1.25.0"
  resolved "https://registry.npmjs.org/luxon/-/luxon-1.25.0.tgz"

make-iterator@^1.0.0:
  version "1.0.1"
  resolved "https://registry.npmjs.org/make-iterator/-/make-iterator-1.0.1.tgz"
  dependencies:
    kind-of "^6.0.2"

map-cache@^0.2.0, map-cache@^0.2.2:
  version "0.2.2"
  resolved "https://registry.yarnpkg.com/map-cache/-/map-cache-0.2.2.tgz"

map-visit@^1.0.0:
  version "1.0.0"
  resolved "https://registry.yarnpkg.com/map-visit/-/map-visit-1.0.0.tgz"
  dependencies:
    object-visit "^1.0.0"

micromatch@^3.0.4:
  version "3.1.10"
  resolved "https://registry.yarnpkg.com/micromatch/-/micromatch-3.1.10.tgz"
  dependencies:
    arr-diff "^4.0.0"
    array-unique "^0.3.2"
    braces "^2.3.1"
    define-property "^2.0.2"
    extend-shallow "^3.0.2"
    extglob "^2.0.4"
    fragment-cache "^0.2.1"
    kind-of "^6.0.2"
    nanomatch "^1.2.9"
    object.pick "^1.3.0"
    regex-not "^1.0.0"
    snapdragon "^0.8.1"
    to-regex "^3.0.2"

mime-db@~1.37.0:
  version "1.37.0"
  resolved "https://registry.yarnpkg.com/mime-db/-/mime-db-1.37.0.tgz"

mime-types@^2.1.12:
  version "2.1.21"
  resolved "https://registry.yarnpkg.com/mime-types/-/mime-types-2.1.21.tgz"
  dependencies:
    mime-db "~1.37.0"

mixin-deep@^1.2.0:
  version "1.3.2"
  resolved "https://registry.npmjs.org/mixin-deep/-/mixin-deep-1.3.2.tgz"
  dependencies:
    for-in "^1.0.2"
    is-extendable "^1.0.1"

moment-timer@^1.3.0:
  version "1.3.0"
  resolved "https://registry.yarnpkg.com/moment-timer/-/moment-timer-1.3.0.tgz"
  dependencies:
    moment ">= 1.6.0"

"moment@>= 1.6.0", moment@^2.29.1:
  version "2.29.4"
  resolved "https://registry.yarnpkg.com/moment/-/moment-2.29.4.tgz#3dbe052889fe7c1b2ed966fcb3a77328964ef108"

ms@2.0.0:
  version "2.0.0"
  resolved "https://registry.yarnpkg.com/ms/-/ms-2.0.0.tgz"

ms@2.1.2:
  version "2.1.2"
  resolved "https://registry.npmjs.org/ms/-/ms-2.1.2.tgz"

mysql@^2.18.1:
  version "2.18.1"
  resolved "https://registry.npmjs.org/mysql/-/mysql-2.18.1.tgz"
  dependencies:
    bignumber.js "9.0.0"
    readable-stream "2.3.7"
    safe-buffer "5.1.2"
    sqlstring "2.3.1"

nanomatch@^1.2.9:
  version "1.2.13"
  resolved "https://registry.yarnpkg.com/nanomatch/-/nanomatch-1.2.13.tgz"
  dependencies:
    arr-diff "^4.0.0"
    array-unique "^0.3.2"
    define-property "^2.0.2"
    extend-shallow "^3.0.2"
    fragment-cache "^0.2.1"
    is-windows "^1.0.2"
    kind-of "^6.0.2"
    object.pick "^1.3.0"
    regex-not "^1.0.0"
    snapdragon "^0.8.1"
    to-regex "^3.0.1"

node-fetch@^2.6.1:
  version "2.6.1"
  resolved "https://registry.npmjs.org/node-fetch/-/node-fetch-2.6.1.tgz"

object-copy@^0.1.0:
  version "0.1.0"
  resolved "https://registry.yarnpkg.com/object-copy/-/object-copy-0.1.0.tgz"
  dependencies:
    copy-descriptor "^0.1.0"
    define-property "^0.2.5"
    kind-of "^3.0.3"

object-visit@^1.0.0:
  version "1.0.1"
  resolved "https://registry.yarnpkg.com/object-visit/-/object-visit-1.0.1.tgz"
  dependencies:
    isobject "^3.0.0"

object.defaults@^1.1.0:
  version "1.1.0"
  resolved "https://registry.npmjs.org/object.defaults/-/object.defaults-1.1.0.tgz"
  dependencies:
    array-each "^1.0.1"
    array-slice "^1.0.0"
    for-own "^1.0.0"
    isobject "^3.0.0"

object.map@^1.0.0:
  version "1.0.1"
  resolved "https://registry.npmjs.org/object.map/-/object.map-1.0.1.tgz"
  dependencies:
    for-own "^1.0.0"
    make-iterator "^1.0.0"

object.pick@^1.2.0, object.pick@^1.3.0:
  version "1.3.0"
  resolved "https://registry.yarnpkg.com/object.pick/-/object.pick-1.3.0.tgz"
  dependencies:
    isobject "^3.0.1"

objection@^2.2.14:
  version "2.2.14"
  resolved "https://registry.npmjs.org/objection/-/objection-2.2.14.tgz"
  dependencies:
    ajv "^6.12.6"
    db-errors "^0.2.3"

parse-filepath@^1.0.1:
  version "1.0.2"
  resolved "https://registry.npmjs.org/parse-filepath/-/parse-filepath-1.0.2.tgz"
  dependencies:
    is-absolute "^1.0.0"
    map-cache "^0.2.0"
    path-root "^0.1.1"

parse-passwd@^1.0.0:
  version "1.0.0"
  resolved "https://registry.npmjs.org/parse-passwd/-/parse-passwd-1.0.0.tgz"

pascalcase@^0.1.1:
  version "0.1.1"
  resolved "https://registry.yarnpkg.com/pascalcase/-/pascalcase-0.1.1.tgz"

path-key@^3.1.0:
  version "3.1.1"
  resolved "https://registry.npmjs.org/path-key/-/path-key-3.1.1.tgz"

path-parse@^1.0.6:
  version "1.0.6"
  resolved "https://registry.npmjs.org/path-parse/-/path-parse-1.0.6.tgz"

path-root-regex@^0.1.0:
  version "0.1.2"
  resolved "https://registry.npmjs.org/path-root-regex/-/path-root-regex-0.1.2.tgz"

path-root@^0.1.1:
  version "0.1.1"
  resolved "https://registry.npmjs.org/path-root/-/path-root-0.1.1.tgz"
  dependencies:
    path-root-regex "^0.1.0"

pg-connection-string@2.4.0:
  version "2.4.0"
  resolved "https://registry.npmjs.org/pg-connection-string/-/pg-connection-string-2.4.0.tgz"

pluralize@^3.0.0:
  version "3.1.0"
  resolved "https://registry.yarnpkg.com/pluralize/-/pluralize-3.1.0.tgz"

posix-character-classes@^0.1.0:
  version "0.1.1"
  resolved "https://registry.yarnpkg.com/posix-character-classes/-/posix-character-classes-0.1.1.tgz"

prism-media@^1.2.2:
  version "1.2.3"
  resolved "https://registry.npmjs.org/prism-media/-/prism-media-1.2.3.tgz"

process-nextick-args@~2.0.0:
  version "2.0.0"
  resolved "https://registry.yarnpkg.com/process-nextick-args/-/process-nextick-args-2.0.0.tgz"

punycode@^2.1.0:
  version "2.1.1"
  resolved "https://registry.yarnpkg.com/punycode/-/punycode-2.1.1.tgz"

readable-stream@2.3.7:
  version "2.3.7"
  resolved "https://registry.npmjs.org/readable-stream/-/readable-stream-2.3.7.tgz"
  dependencies:
    core-util-is "~1.0.0"
    inherits "~2.0.3"
    isarray "~1.0.0"
    process-nextick-args "~2.0.0"
    safe-buffer "~5.1.1"
    string_decoder "~1.1.1"
    util-deprecate "~1.0.1"

rechoir@^0.6.2:
  version "0.6.2"
  resolved "https://registry.npmjs.org/rechoir/-/rechoir-0.6.2.tgz"
  dependencies:
    resolve "^1.1.6"

regex-not@^1.0.0, regex-not@^1.0.2:
  version "1.0.2"
  resolved "https://registry.yarnpkg.com/regex-not/-/regex-not-1.0.2.tgz"
  dependencies:
    extend-shallow "^3.0.2"
    safe-regex "^1.1.0"

relation@^0.1.0:
  version "0.1.0"
  resolved "https://registry.yarnpkg.com/relation/-/relation-0.1.0.tgz"
  dependencies:
    pluralize "^3.0.0"

repeat-element@^1.1.2:
  version "1.1.4"
  resolved "https://registry.yarnpkg.com/repeat-element/-/repeat-element-1.1.4.tgz#be681520847ab58c7568ac75fbfad28ed42d39e9"

repeat-string@^1.6.1:
  version "1.6.1"
  resolved "https://registry.yarnpkg.com/repeat-string/-/repeat-string-1.6.1.tgz"

require-all@^3.0.0:
  version "3.0.0"
  resolved "https://registry.npmjs.org/require-all/-/require-all-3.0.0.tgz"

resolve-dir@^1.0.0, resolve-dir@^1.0.1:
  version "1.0.1"
  resolved "https://registry.npmjs.org/resolve-dir/-/resolve-dir-1.0.1.tgz"
  dependencies:
    expand-tilde "^2.0.0"
    global-modules "^1.0.0"

resolve-url@^0.2.1:
  version "0.2.1"
  resolved "https://registry.yarnpkg.com/resolve-url/-/resolve-url-0.2.1.tgz"

resolve@^1.1.6, resolve@^1.1.7:
  version "1.19.0"
  resolved "https://registry.npmjs.org/resolve/-/resolve-1.19.0.tgz"
  dependencies:
    is-core-module "^2.1.0"
    path-parse "^1.0.6"

ret@~0.1.10:
  version "0.1.15"
  resolved "https://registry.yarnpkg.com/ret/-/ret-0.1.15.tgz"

safe-buffer@5.1.2, safe-buffer@~5.1.0, safe-buffer@~5.1.1:
  version "5.1.2"
  resolved "https://registry.yarnpkg.com/safe-buffer/-/safe-buffer-5.1.2.tgz"

safe-regex@^1.1.0:
  version "1.1.0"
  resolved "https://registry.yarnpkg.com/safe-regex/-/safe-regex-1.1.0.tgz"
  dependencies:
    ret "~0.1.10"

set-value@^2.0.0, set-value@^2.0.1:
  version "2.0.1"
  resolved "https://registry.npmjs.org/set-value/-/set-value-2.0.1.tgz"
  dependencies:
    extend-shallow "^2.0.1"
    is-extendable "^0.1.1"
    is-plain-object "^2.0.3"
    split-string "^3.0.1"

setimmediate@^1.0.5:
  version "1.0.5"
  resolved "https://registry.npmjs.org/setimmediate/-/setimmediate-1.0.5.tgz"

shebang-command@^2.0.0:
  version "2.0.0"
  resolved "https://registry.npmjs.org/shebang-command/-/shebang-command-2.0.0.tgz"
  dependencies:
    shebang-regex "^3.0.0"

shebang-regex@^3.0.0:
  version "3.0.0"
  resolved "https://registry.npmjs.org/shebang-regex/-/shebang-regex-3.0.0.tgz"

snapdragon-node@^2.0.1:
  version "2.1.1"
  resolved "https://registry.yarnpkg.com/snapdragon-node/-/snapdragon-node-2.1.1.tgz"
  dependencies:
    define-property "^1.0.0"
    isobject "^3.0.0"
    snapdragon-util "^3.0.1"

snapdragon-util@^3.0.1:
  version "3.0.1"
  resolved "https://registry.yarnpkg.com/snapdragon-util/-/snapdragon-util-3.0.1.tgz"
  dependencies:
    kind-of "^3.2.0"

snapdragon@^0.8.1:
  version "0.8.2"
  resolved "https://registry.yarnpkg.com/snapdragon/-/snapdragon-0.8.2.tgz#64922e7c565b0e14204ba1aa7d6964278d25182d"
  dependencies:
    base "^0.11.1"
    debug "^2.2.0"
    define-property "^0.2.5"
    extend-shallow "^2.0.1"
    map-cache "^0.2.2"
    source-map "^0.5.6"
    source-map-resolve "^0.5.0"
    use "^3.1.0"

source-map-resolve@^0.5.0:
  version "0.5.3"
  resolved "https://registry.yarnpkg.com/source-map-resolve/-/source-map-resolve-0.5.3.tgz#190866bece7553e1f8f267a2ee82c606b5509a1a"
  dependencies:
    atob "^2.1.2"
    decode-uri-component "^0.2.0"
    resolve-url "^0.2.1"
    source-map-url "^0.4.0"
    urix "^0.1.0"

source-map-url@^0.4.0:
  version "0.4.0"
  resolved "https://registry.yarnpkg.com/source-map-url/-/source-map-url-0.4.0.tgz"

source-map@^0.5.6:
  version "0.5.7"
  resolved "https://registry.yarnpkg.com/source-map/-/source-map-0.5.7.tgz"

split-string@^3.0.1, split-string@^3.0.2:
  version "3.1.0"
  resolved "https://registry.yarnpkg.com/split-string/-/split-string-3.1.0.tgz"
  dependencies:
    extend-shallow "^3.0.0"

sqlstring@2.3.1:
  version "2.3.1"
  resolved "https://registry.yarnpkg.com/sqlstring/-/sqlstring-2.3.1.tgz"

static-extend@^0.1.1:
  version "0.1.2"
  resolved "https://registry.yarnpkg.com/static-extend/-/static-extend-0.1.2.tgz"
  dependencies:
    define-property "^0.2.5"
    object-copy "^0.1.0"

string_decoder@~1.1.1:
  version "1.1.1"
  resolved "https://registry.yarnpkg.com/string_decoder/-/string_decoder-1.1.1.tgz"
  dependencies:
    safe-buffer "~5.1.0"

tarn@^3.0.1:
  version "3.0.1"
  resolved "https://registry.npmjs.org/tarn/-/tarn-3.0.1.tgz"

tildify@2.0.0:
  version "2.0.0"
  resolved "https://registry.npmjs.org/tildify/-/tildify-2.0.0.tgz"

to-object-path@^0.3.0:
  version "0.3.0"
  resolved "https://registry.yarnpkg.com/to-object-path/-/to-object-path-0.3.0.tgz"
  dependencies:
    kind-of "^3.0.2"

to-regex-range@^2.1.0:
  version "2.1.1"
  resolved "https://registry.yarnpkg.com/to-regex-range/-/to-regex-range-2.1.1.tgz"
  dependencies:
    is-number "^3.0.0"
    repeat-string "^1.6.1"

to-regex@^3.0.1, to-regex@^3.0.2:
  version "3.0.2"
  resolved "https://registry.yarnpkg.com/to-regex/-/to-regex-3.0.2.tgz"
  dependencies:
    define-property "^2.0.2"
    extend-shallow "^3.0.2"
    regex-not "^1.0.2"
    safe-regex "^1.1.0"

tweetnacl@^1.0.3:
  version "1.0.3"
  resolved "https://registry.npmjs.org/tweetnacl/-/tweetnacl-1.0.3.tgz"

unc-path-regex@^0.1.2:
  version "0.1.2"
  resolved "https://registry.npmjs.org/unc-path-regex/-/unc-path-regex-0.1.2.tgz"

union-value@^1.0.0:
  version "1.0.1"
  resolved "https://registry.npmjs.org/union-value/-/union-value-1.0.1.tgz"
  dependencies:
    arr-union "^3.1.0"
    get-value "^2.0.6"
    is-extendable "^0.1.1"
    set-value "^2.0.1"

unset-value@^1.0.0:
  version "1.0.0"
  resolved "https://registry.yarnpkg.com/unset-value/-/unset-value-1.0.0.tgz"
  dependencies:
    has-value "^0.3.1"
    isobject "^3.0.0"

uri-js@^4.2.2:
  version "4.2.2"
  resolved "https://registry.yarnpkg.com/uri-js/-/uri-js-4.2.2.tgz"
  dependencies:
    punycode "^2.1.0"

urix@^0.1.0:
  version "0.1.0"
  resolved "https://registry.yarnpkg.com/urix/-/urix-0.1.0.tgz"

use@^3.1.0:
  version "3.1.1"
  resolved "https://registry.yarnpkg.com/use/-/use-3.1.1.tgz#d50c8cac79a19fbc20f2911f56eb973f4e10070f"

util-deprecate@~1.0.1:
  version "1.0.2"
  resolved "https://registry.yarnpkg.com/util-deprecate/-/util-deprecate-1.0.2.tgz"

v8flags@^3.2.0:
  version "3.2.0"
  resolved "https://registry.npmjs.org/v8flags/-/v8flags-3.2.0.tgz"
  dependencies:
    homedir-polyfill "^1.0.1"

which@^1.2.14:
  version "1.3.1"
  resolved "https://registry.yarnpkg.com/which/-/which-1.3.1.tgz"
  dependencies:
    isexe "^2.0.0"

which@^2.0.1:
  version "2.0.2"
  resolved "https://registry.npmjs.org/which/-/which-2.0.2.tgz"
  dependencies:
    isexe "^2.0.0"

ws@^7.3.1:
  version "7.4.3"
  resolved "https://registry.npmjs.org/ws/-/ws-7.4.3.tgz"
